// !$*UTF8*$!
{
	archiveVersion = 1;
	classes = {
	};
	objectVersion = 50;
	objects = {

/* Begin PBXBuildFile section */
		3AF8D02421338473004D61C0 /* AppDelegate.swift in Sources */ = {isa = PBXBuildFile; fileRef = 3AF8D02321338473004D61C0 /* AppDelegate.swift */; };
		3AF8D02621338473004D61C0 /* ViewController.swift in Sources */ = {isa = PBXBuildFile; fileRef = 3AF8D02521338473004D61C0 /* ViewController.swift */; };
		3AF8D02921338473004D61C0 /* Main.storyboard in Resources */ = {isa = PBXBuildFile; fileRef = 3AF8D02721338473004D61C0 /* Main.storyboard */; };
		3AF8D02C21338473004D61C0 /* credit_card_shopping_converter.xcdatamodeld in Sources */ = {isa = PBXBuildFile; fileRef = 3AF8D02A21338473004D61C0 /* credit_card_shopping_converter.xcdatamodeld */; };
		3AF8D02E21338473004D61C0 /* Assets.xcassets in Resources */ = {isa = PBXBuildFile; fileRef = 3AF8D02D21338473004D61C0 /* Assets.xcassets */; };
		3AF8D03121338473004D61C0 /* LaunchScreen.storyboard in Resources */ = {isa = PBXBuildFile; fileRef = 3AF8D02F21338473004D61C0 /* LaunchScreen.storyboard */; };
/* End PBXBuildFile section */

/* Begin PBXFileReference section */
		3AF8D02021338473004D61C0 /* credit-card-shopping-converter.app */ = {isa = PBXFileReference; explicitFileType = wrapper.application; includeInIndex = 0; path = "credit-card-shopping-converter.app"; sourceTree = BUILT_PRODUCTS_DIR; };
		3AF8D02321338473004D61C0 /* AppDelegate.swift */ = {isa = PBXFileReference; lastKnownFileType = sourcecode.swift; path = AppDelegate.swift; sourceTree = "<group>"; };
		3AF8D02521338473004D61C0 /* ViewController.swift */ = {isa = PBXFileReference; lastKnownFileType = sourcecode.swift; path = ViewController.swift; sourceTree = "<group>"; };
		3AF8D02821338473004D61C0 /* Base */ = {isa = PBXFileReference; lastKnownFileType = file.storyboard; name = Base; path = Base.lproj/Main.storyboard; sourceTree = "<group>"; };
		3AF8D02B21338473004D61C0 /* credit_card_shopping_converter.xcdatamodel */ = {isa = PBXFileReference; lastKnownFileType = wrapper.xcdatamodel; path = credit_card_shopping_converter.xcdatamodel; sourceTree = "<group>"; };
		3AF8D02D21338473004D61C0 /* Assets.xcassets */ = {isa = PBXFileReference; lastKnownFileType = folder.assetcatalog; path = Assets.xcassets; sourceTree = "<group>"; };
		3AF8D03021338473004D61C0 /* Base */ = {isa = PBXFileReference; lastKnownFileType = file.storyboard; name = Base; path = Base.lproj/LaunchScreen.storyboard; sourceTree = "<group>"; };
		3AF8D03221338474004D61C0 /* Info.plist */ = {isa = PBXFileReference; lastKnownFileType = text.plist.xml; path = Info.plist; sourceTree = "<group>"; };
/* End PBXFileReference section */

/* Begin PBXFrameworksBuildPhase section */
		3AF8D01D21338473004D61C0 /* Frameworks */ = {
			isa = PBXFrameworksBuildPhase;
			buildActionMask = 2147483647;
			files = (
			);
			runOnlyForDeploymentPostprocessing = 0;
		};
/* End PBXFrameworksBuildPhase section */

/* Begin PBXGroup section */
		3AF8D01721338473004D61C0 = {
			isa = PBXGroup;
			children = (
				3AF8D02221338473004D61C0 /* credit-card-shopping-converter */,
				3AF8D02121338473004D61C0 /* Products */,
			);
			sourceTree = "<group>";
		};
		3AF8D02121338473004D61C0 /* Products */ = {
			isa = PBXGroup;
			children = (
				3AF8D02021338473004D61C0 /* credit-card-shopping-converter.app */,
			);
			name = Products;
			sourceTree = "<group>";
		};
		3AF8D02221338473004D61C0 /* credit-card-shopping-converter */ = {
			isa = PBXGroup;
			children = (
				3AF8D02321338473004D61C0 /* AppDelegate.swift */,
				3AF8D02521338473004D61C0 /* ViewController.swift */,
				3AF8D02721338473004D61C0 /* Main.storyboard */,
				3AF8D02D21338473004D61C0 /* Assets.xcassets */,
				3AF8D02F21338473004D61C0 /* LaunchScreen.storyboard */,
				3AF8D03221338474004D61C0 /* Info.plist */,
				3AF8D02A21338473004D61C0 /* credit_card_shopping_converter.xcdatamodeld */,
			);
			path = "credit-card-shopping-converter";
			sourceTree = "<group>";
		};
/* End PBXGroup section */

/* Begin PBXNativeTarget section */
		3AF8D01F21338473004D61C0 /* credit-card-shopping-converter */ = {
			isa = PBXNativeTarget;
			buildConfigurationList = 3AF8D03521338474004D61C0 /* Build configuration list for PBXNativeTarget "credit-card-shopping-converter" */;
			buildPhases = (
				3AF8D01C21338473004D61C0 /* Sources */,
				3AF8D01D21338473004D61C0 /* Frameworks */,
				3AF8D01E21338473004D61C0 /* Resources */,
			);
			buildRules = (
			);
			dependencies = (
			);
			name = "credit-card-shopping-converter";
			productName = "credit-card-shopping-converter";
			productReference = 3AF8D02021338473004D61C0 /* credit-card-shopping-converter.app */;
			productType = "com.apple.product-type.application";
		};
/* End PBXNativeTarget section */

/* Begin PBXProject section */
		3AF8D01821338473004D61C0 /* Project object */ = {
			isa = PBXProject;
			attributes = {
				LastSwiftUpdateCheck = 0940;
				LastUpgradeCheck = 0940;
				ORGANIZATIONNAME = "Marcos Matsuda";
				TargetAttributes = {
					3AF8D01F21338473004D61C0 = {
						CreatedOnToolsVersion = 9.4.1;
					};
				};
			};
			buildConfigurationList = 3AF8D01B21338473004D61C0 /* Build configuration list for PBXProject "credit-card-shopping-converter" */;
			compatibilityVersion = "Xcode 9.3";
			developmentRegion = en;
			hasScannedForEncodings = 0;
			knownRegions = (
				en,
				Base,
			);
			mainGroup = 3AF8D01721338473004D61C0;
			productRefGroup = 3AF8D02121338473004D61C0 /* Products */;
			projectDirPath = "";
			projectRoot = "";
			targets = (
				3AF8D01F21338473004D61C0 /* credit-card-shopping-converter */,
			);
		};
/* End PBXProject section */

/* Begin PBXResourcesBuildPhase section */
		3AF8D01E21338473004D61C0 /* Resources */ = {
			isa = PBXResourcesBuildPhase;
			buildActionMask = 2147483647;
			files = (
				3AF8D03121338473004D61C0 /* LaunchScreen.storyboard in Resources */,
				3AF8D02E21338473004D61C0 /* Assets.xcassets in Resources */,
				3AF8D02921338473004D61C0 /* Main.storyboard in Resources */,
			);
			runOnlyForDeploymentPostprocessing = 0;
		};
/* End PBXResourcesBuildPhase section */

/* Begin PBXSourcesBuildPhase section */
		3AF8D01C21338473004D61C0 /* Sources */ = {
			isa = PBXSourcesBuildPhase;
			buildActionMask = 2147483647;
			files = (
				3AF8D02621338473004D61C0 /* ViewController.swift in Sources */,
				3AF8D02421338473004D61C0 /* AppDelegate.swift in Sources */,
				3AF8D02C21338473004D61C0 /* credit_card_shopping_converter.xcdatamodeld in Sources */,
			);
			runOnlyForDeploymentPostprocessing = 0;
		};
/* End PBXSourcesBuildPhase section */

/* Begin PBXVariantGroup section */
		3AF8D02721338473004D61C0 /* Main.storyboard */ = {
			isa = PBXVariantGroup;
			children = (
				3AF8D02821338473004D61C0 /* Base */,
			);
			name = Main.storyboard;
			sourceTree = "<group>";
		};
		3AF8D02F21338473004D61C0 /* LaunchScreen.storyboard */ = {
			isa = PBXVariantGroup;
			children = (
				3AF8D03021338473004D61C0 /* Base */,
			);
			name = LaunchScreen.storyboard;
			sourceTree = "<group>";
		};
/* End PBXVariantGroup section */

/* Begin XCBuildConfiguration section */
		3AF8D03321338474004D61C0 /* Debug */ = {
			isa = XCBuildConfiguration;
			buildSettings = {
				ALWAYS_SEARCH_USER_PATHS = NO;
				CLANG_ANALYZER_NONNULL = YES;
				CLANG_ANALYZER_NUMBER_OBJECT_CONVERSION = YES_AGGRESSIVE;
				CLANG_CXX_LANGUAGE_STANDARD = "gnu++14";
				CLANG_CXX_LIBRARY = "libc++";
				CLANG_ENABLE_MODULES = YES;
				CLANG_ENABLE_OBJC_ARC = YES;
				CLANG_ENABLE_OBJC_WEAK = YES;
				CLANG_WARN_BLOCK_CAPTURE_AUTORELEASING = YES;
				CLANG_WARN_BOOL_CONVERSION = YES;
				CLANG_WARN_COMMA = YES;
				CLANG_WARN_CONSTANT_CONVERSION = YES;
				CLANG_WARN_DEPRECATED_OBJC_IMPLEMENTATIONS = YES;
				CLANG_WARN_DIRECT_OBJC_ISA_USAGE = YES_ERROR;
				CLANG_WARN_DOCUMENTATION_COMMENTS = YES;
				CLANG_WARN_EMPTY_BODY = YES;
				CLANG_WARN_ENUM_CONVERSION = YES;
				CLANG_WARN_INFINITE_RECURSION = YES;
				CLANG_WARN_INT_CONVERSION = YES;
				CLANG_WARN_NON_LITERAL_NULL_CONVERSION = YES;
				CLANG_WARN_OBJC_IMPLICIT_RETAIN_SELF = YES;
				CLANG_WARN_OBJC_LITERAL_CONVERSION = YES;
				CLANG_WARN_OBJC_ROOT_CLASS = YES_ERROR;
				CLANG_WARN_RANGE_LOOP_ANALYSIS = YES;
				CLANG_WARN_STRICT_PROTOTYPES = YES;
				CLANG_WARN_SUSPICIOUS_MOVE = YES;
				CLANG_WARN_UNGUARDED_AVAILABILITY = YES_AGGRESSIVE;
				CLANG_WARN_UNREACHABLE_CODE = YES;
				CLANG_WARN__DUPLICATE_METHOD_MATCH = YES;
				CODE_SIGN_IDENTITY = "iPhone Developer";
				COPY_PHASE_STRIP = NO;
				DEBUG_INFORMATION_FORMAT = dwarf;
				ENABLE_STRICT_OBJC_MSGSEND = YES;
				ENABLE_TESTABILITY = YES;
				GCC_C_LANGUAGE_STANDARD = gnu11;
				GCC_DYNAMIC_NO_PIC = NO;
				GCC_NO_COMMON_BLOCKS = YES;
				GCC_OPTIMIZATION_LEVEL = 0;
				GCC_PREPROCESSOR_DEFINITIONS = (
					"DEBUG=1",
					"$(inherited)",
				);
				GCC_WARN_64_TO_32_BIT_CONVERSION = YES;
				GCC_WARN_ABOUT_RETURN_TYPE = YES_ERROR;
				GCC_WARN_UNDECLARED_SELECTOR = YES;
				GCC_WARN_UNINITIALIZED_AUTOS = YES_AGGRESSIVE;
				GCC_WARN_UNUSED_FUNCTION = YES;
				GCC_WARN_UNUSED_VARIABLE = YES;
				IPHONEOS_DEPLOYMENT_TARGET = 11.4;
				MTL_ENABLE_DEBUG_INFO = YES;
				ONLY_ACTIVE_ARCH = YES;
				SDKROOT = iphoneos;
				SWIFT_ACTIVE_COMPILATION_CONDITIONS = DEBUG;
				SWIFT_OPTIMIZATION_LEVEL = "-Onone";
			};
			name = Debug;
		};
		3AF8D03421338474004D61C0 /* Release */ = {
			isa = XCBuildConfiguration;
			buildSettings = {
				ALWAYS_SEARCH_USER_PATHS = NO;
				CLANG_ANALYZER_NONNULL = YES;
				CLANG_ANALYZER_NUMBER_OBJECT_CONVERSION = YES_AGGRESSIVE;
				CLANG_CXX_LANGUAGE_STANDARD = "gnu++14";
				CLANG_CXX_LIBRARY = "libc++";
				CLANG_ENABLE_MODULES = YES;
				CLANG_ENABLE_OBJC_ARC = YES;
				CLANG_ENABLE_OBJC_WEAK = YES;
				CLANG_WARN_BLOCK_CAPTURE_AUTORELEASING = YES;
				CLANG_WARN_BOOL_CONVERSION = YES;
				CLANG_WARN_COMMA = YES;
				CLANG_WARN_CONSTANT_CONVERSION = YES;
				CLANG_WARN_DEPRECATED_OBJC_IMPLEMENTATIONS = YES;
				CLANG_WARN_DIRECT_OBJC_ISA_USAGE = YES_ERROR;
				CLANG_WARN_DOCUMENTATION_COMMENTS = YES;
				CLANG_WARN_EMPTY_BODY = YES;
				CLANG_WARN_ENUM_CONVERSION = YES;
				CLANG_WARN_INFINITE_RECURSION = YES;
				CLANG_WARN_INT_CONVERSION = YES;
				CLANG_WARN_NON_LITERAL_NULL_CONVERSION = YES;
				CLANG_WARN_OBJC_IMPLICIT_RETAIN_SELF = YES;
				CLANG_WARN_OBJC_LITERAL_CONVERSION = YES;
				CLANG_WARN_OBJC_ROOT_CLASS = YES_ERROR;
				CLANG_WARN_RANGE_LOOP_ANALYSIS = YES;
				CLANG_WARN_STRICT_PROTOTYPES = YES;
				CLANG_WARN_SUSPICIOUS_MOVE = YES;
				CLANG_WARN_UNGUARDED_AVAILABILITY = YES_AGGRESSIVE;
				CLANG_WARN_UNREACHABLE_CODE = YES;
				CLANG_WARN__DUPLICATE_METHOD_MATCH = YES;
				CODE_SIGN_IDENTITY = "iPhone Developer";
				COPY_PHASE_STRIP = NO;
				DEBUG_INFORMATION_FORMAT = "dwarf-with-dsym";
				ENABLE_NS_ASSERTIONS = NO;
				ENABLE_STRICT_OBJC_MSGSEND = YES;
				GCC_C_LANGUAGE_STANDARD = gnu11;
				GCC_NO_COMMON_BLOCKS = YES;
				GCC_WARN_64_TO_32_BIT_CONVERSION = YES;
				GCC_WARN_ABOUT_RETURN_TYPE = YES_ERROR;
				GCC_WARN_UNDECLARED_SELECTOR = YES;
				GCC_WARN_UNINITIALIZED_AUTOS = YES_AGGRESSIVE;
				GCC_WARN_UNUSED_FUNCTION = YES;
				GCC_WARN_UNUSED_VARIABLE = YES;
				IPHONEOS_DEPLOYMENT_TARGET = 11.4;
				MTL_ENABLE_DEBUG_INFO = NO;
				SDKROOT = iphoneos;
				SWIFT_COMPILATION_MODE = wholemodule;
				SWIFT_OPTIMIZATION_LEVEL = "-O";
				VALIDATE_PRODUCT = YES;
			};
			name = Release;
		};
		3AF8D03621338474004D61C0 /* Debug */ = {
			isa = XCBuildConfiguration;
			buildSettings = {
				ASSETCATALOG_COMPILER_APPICON_NAME = AppIcon;
				CODE_SIGN_STYLE = Automatic;
				INFOPLIST_FILE = "credit-card-shopping-converter/Info.plist";
				LD_RUNPATH_SEARCH_PATHS = (
					"$(inherited)",
					"@executable_path/Frameworks",
				);
				PRODUCT_BUNDLE_IDENTIFIER = "br.com.marcos.matsuda.credit-card-shopping-converter";
				PRODUCT_NAME = "$(TARGET_NAME)";
				SWIFT_VERSION = 4.0;
				TARGETED_DEVICE_FAMILY = "1,2";
			};
			name = Debug;
		};
		3AF8D03721338474004D61C0 /* Release */ = {
			isa = XCBuildConfiguration;
			buildSettings = {
				ASSETCATALOG_COMPILER_APPICON_NAME = AppIcon;
				CODE_SIGN_STYLE = Automatic;
				INFOPLIST_FILE = "credit-card-shopping-converter/Info.plist";
				LD_RUNPATH_SEARCH_PATHS = (
					"$(inherited)",
					"@executable_path/Frameworks",
				);
				PRODUCT_BUNDLE_IDENTIFIER = "br.com.marcos.matsuda.credit-card-shopping-converter";
				PRODUCT_NAME = "$(TARGET_NAME)";
				SWIFT_VERSION = 4.0;
				TARGETED_DEVICE_FAMILY = "1,2";
			};
			name = Release;
		};
/* End XCBuildConfiguration section */

/* Begin XCConfigurationList section */
		3AF8D01B21338473004D61C0 /* Build configuration list for PBXProject "credit-card-shopping-converter" */ = {
			isa = XCConfigurationList;
			buildConfigurations = (
				3AF8D03321338474004D61C0 /* Debug */,
				3AF8D03421338474004D61C0 /* Release */,
			);
			defaultConfigurationIsVisible = 0;
			defaultConfigurationName = Release;
		};
		3AF8D03521338474004D61C0 /* Build configuration list for PBXNativeTarget "credit-card-shopping-converter" */ = {
			isa = XCConfigurationList;
			buildConfigurations = (
				3AF8D03621338474004D61C0 /* Debug */,
				3AF8D03721338474004D61C0 /* Release */,
			);
			defaultConfigurationIsVisible = 0;
			defaultConfigurationName = Release;
		};
/* End XCConfigurationList section */

/* Begin XCVersionGroup section */
		3AF8D02A21338473004D61C0 /* credit_card_shopping_converter.xcdatamodeld */ = {
			isa = XCVersionGroup;
			children = (
				3AF8D02B21338473004D61C0 /* credit_card_shopping_converter.xcdatamodel */,
			);
			currentVersion = 3AF8D02B21338473004D61C0 /* credit_card_shopping_converter.xcdatamodel */;
			path = credit_card_shopping_converter.xcdatamodeld;
			sourceTree = "<group>";
			versionGroupType = wrapper.xcdatamodel;
		};
/* End XCVersionGroup section */
	};
	rootObject = 3AF8D01821338473004D61C0 /* Project object */;
}
